{
  "name": "resilienceorbit-blog",
  "lockfileVersion": 2,
  "requires": true,
  "packages": {
    "": {
      "name": "resilienceorbit-blog",
      "version": "1.0.0",
      "license": "MIT",
      "dependencies": {
        "@11ty/eleventy": "^2.0.1"
      }
    },
    "node_modules/@11ty/eleventy": {
      "version": "2.0.1",
      "resolved": "https://registry.npmjs.org/@11ty/eleventy/-/eleventy-2.0.1.tgz",
      "integrity": "sha512-Pb+blFIj3l4PUn+fS/tdfsyhbj9RjTccg3MS2RbVYQ9Ni+W77Z7dXZC7SeDTt0M0tFpaSvHVrGHWulUpbT2gOA=="
    }
  },
  "dependencies": {
    "@11ty/eleventy": {
      "version": "2.0.1",
      "resolved": "https://registry.npmjs.org/@11ty/eleventy/-/eleventy-2.0.1.tgz",
      "integrity": "sha512-Pb+blFIj3l4PUn+fS/tdfsyhbj9RjTccg3MS2RbVYQ9Ni+W77Z7dXZC7SeDTt0M0tFpaSvHVrGHWulUpbT2gOA==",
      "requires": {}
    }
  }
}